
Microsoft Visual Studio Solution File, Format Version 12.00
# Visual Studio Version 17
VisualStudioVersion = 17.8.34525.116
MinimumVisualStudioVersion = 10.0.40219.1
Project("{FAE04EC0-301F-11D3-BF4B-00C04F79EFBC}") = "PL-Forms", "PL-Forms.csproj", "{D3934119-1C89-4996-9BFB-CA1AE7D98F52}"
EndProject
Global
	GlobalSection(SolutionConfigurationPlatforms) = preSolution
		Debug|Any CPU = Debug|Any CPU
		Release|Any CPU = Release|Any CPU
	EndGlobalSection
	GlobalSection(ProjectConfigurationPlatforms) = postSolution
		{D3934119-1C89-4996-9BFB-CA1AE7D98F52}.Debug|Any CPU.ActiveCfg = Debug|Any CPU
		{D3934119-1C89-4996-9BFB-CA1AE7D98F52}.Debug|Any CPU.Build.0 = Debug|Any CPU
		{D3934119-1C89-4996-9BFB-CA1AE7D98F52}.Release|Any CPU.ActiveCfg = Release|Any CPU
		{D3934119-1C89-4996-9BFB-CA1AE7D98F52}.Release|Any CPU.Build.0 = Release|Any CPU
	EndGlobalSection
	GlobalSection(SolutionProperties) = preSolution
		HideSolutionNode = FALSE
	EndGlobalSection
	GlobalSection(ExtensibilityGlobals) = postSolution
		SolutionGuid = {5665FF34-6CF6-4069-ABCD-8E4676F28EFC}
	EndGlobalSection
EndGlobal
